// !$*UTF8*$!
{
	archiveVersion = 1;
	classes = {
	};
	objectVersion = 46;
	objects = {

/* Begin PBXBuildFile section */
		8413E2C519CC74DE00A4A8C2 /* icon@2x.png in Resources */ = {isa = PBXBuildFile; fileRef = 8413E2C419CC74DE00A4A8C2 /* icon@2x.png */; };
		8418781519FBD827007E06A1 /* getUser.php in Resources */ = {isa = PBXBuildFile; fileRef = 8418781419FBD827007E06A1 /* getUser.php */; };
		841FB896193CC3ED004CD043 /* Profile.m in Sources */ = {isa = PBXBuildFile; fileRef = 841FB895193CC3ED004CD043 /* Profile.m */; };
		841FB899193CC42D004CD043 /* Home.m in Sources */ = {isa = PBXBuildFile; fileRef = 841FB898193CC42D004CD043 /* Home.m */; };
		841FB89C193CC849004CD043 /* Settings.m in Sources */ = {isa = PBXBuildFile; fileRef = 841FB89B193CC849004CD043 /* Settings.m */; };
		841FB89F193CCA80004CD043 /* MatchesGraphics.m in Sources */ = {isa = PBXBuildFile; fileRef = 841FB89E193CCA80004CD043 /* MatchesGraphics.m */; };
		841FB8A2193CD3D1004CD043 /* TeamGraphics.m in Sources */ = {isa = PBXBuildFile; fileRef = 841FB8A1193CD3D1004CD043 /* TeamGraphics.m */; };
		842787731974109B00582329 /* MapKit.framework in Frameworks */ = {isa = PBXBuildFile; fileRef = 842787721974109B00582329 /* MapKit.framework */; };
		842787761974339100582329 /* teammateProfile.m in Sources */ = {isa = PBXBuildFile; fileRef = 842787751974339100582329 /* teammateProfile.m */; };
		84314F41194F32FA008DC865 /* TeamCellType.m in Sources */ = {isa = PBXBuildFile; fileRef = 84314F40194F32FA008DC865 /* TeamCellType.m */; };
		8431694D196459B800AA0CE5 /* libsqlite3.dylib in Frameworks */ = {isa = PBXBuildFile; fileRef = 8408A1C419633D7C00E5AD98 /* libsqlite3.dylib */; };
		8431695119645A9200AA0CE5 /* inAppStorage_WeGotNext.sqlite in Resources */ = {isa = PBXBuildFile; fileRef = 8431695019645A9200AA0CE5 /* inAppStorage_WeGotNext.sqlite */; };
		84317E211937CA8100EF952F /* Foundation.framework in Frameworks */ = {isa = PBXBuildFile; fileRef = 84317E201937CA8100EF952F /* Foundation.framework */; };
		84317E231937CA8100EF952F /* CoreGraphics.framework in Frameworks */ = {isa = PBXBuildFile; fileRef = 84317E221937CA8100EF952F /* CoreGraphics.framework */; };
		84317E251937CA8100EF952F /* UIKit.framework in Frameworks */ = {isa = PBXBuildFile; fileRef = 84317E241937CA8100EF952F /* UIKit.framework */; };
		84317E2B1937CA8200EF952F /* InfoPlist.strings in Resources */ = {isa = PBXBuildFile; fileRef = 84317E291937CA8200EF952F /* InfoPlist.strings */; };
		84317E2D1937CA8300EF952F /* main.m in Sources */ = {isa = PBXBuildFile; fileRef = 84317E2C1937CA8300EF952F /* main.m */; };
		84317E311937CA8400EF952F /* AppDelegate.m in Sources */ = {isa = PBXBuildFile; fileRef = 84317E301937CA8400EF952F /* AppDelegate.m */; };
		84317E341937CA8500EF952F /* Main.storyboard in Resources */ = {isa = PBXBuildFile; fileRef = 84317E321937CA8500EF952F /* Main.storyboard */; };
		84317E391937CA8700EF952F /* Images.xcassets in Resources */ = {isa = PBXBuildFile; fileRef = 84317E381937CA8700EF952F /* Images.xcassets */; };
		84317E401937CA8800EF952F /* XCTest.framework in Frameworks */ = {isa = PBXBuildFile; fileRef = 84317E3F1937CA8800EF952F /* XCTest.framework */; };
		84317E411937CA8800EF952F /* Foundation.framework in Frameworks */ = {isa = PBXBuildFile; fileRef = 84317E201937CA8100EF952F /* Foundation.framework */; };
		84317E421937CA8800EF952F /* UIKit.framework in Frameworks */ = {isa = PBXBuildFile; fileRef = 84317E241937CA8100EF952F /* UIKit.framework */; };
		84317E4A1937CA8900EF952F /* InfoPlist.strings in Resources */ = {isa = PBXBuildFile; fileRef = 84317E481937CA8900EF952F /* InfoPlist.strings */; };
		84317E4C1937CA8900EF952F /* WeGotNextTests.m in Sources */ = {isa = PBXBuildFile; fileRef = 84317E4B1937CA8900EF952F /* WeGotNextTests.m */; };
		84317E6E1937D3DE00EF952F /* MainMenu.m in Sources */ = {isa = PBXBuildFile; fileRef = 84317E6D1937D3DE00EF952F /* MainMenu.m */; };
		84322CEE1A369909003867E3 /* ChatViewCell.m in Sources */ = {isa = PBXBuildFile; fileRef = 84322CED1A369909003867E3 /* ChatViewCell.m */; };
		843B5D3D19B5248900A93787 /* PlayerPreferences.m in Sources */ = {isa = PBXBuildFile; fileRef = 843B5D3C19B5248900A93787 /* PlayerPreferences.m */; };
		84416E7C196B002F00577044 /* LogOutWindow.m in Sources */ = {isa = PBXBuildFile; fileRef = 84416E7B196B002F00577044 /* LogOutWindow.m */; };
		84459733194B497D00877BBE /* MatchCellType.m in Sources */ = {isa = PBXBuildFile; fileRef = 84459732194B497D00877BBE /* MatchCellType.m */; };
		844F37521948A66000A89B80 /* MyManager.m in Sources */ = {isa = PBXBuildFile; fileRef = 844F37511948A66000A89B80 /* MyManager.m */; };
		8451C512195DB112002EA936 /* userProfile.m in Sources */ = {isa = PBXBuildFile; fileRef = 8451C511195DB112002EA936 /* userProfile.m */; };
		845235401A027D1D00776A7F /* addUser.php in Resources */ = {isa = PBXBuildFile; fileRef = 8452353F1A027D1D00776A7F /* addUser.php */; };
		8452A3A2194209B40044A2D4 /* CreateUserWindow.m in Sources */ = {isa = PBXBuildFile; fileRef = 8452A3A1194209B40044A2D4 /* CreateUserWindow.m */; };
		8456225019A3A96500035BA7 /* AMSlideMenuContentSegue.m in Sources */ = {isa = PBXBuildFile; fileRef = 8456224219A3A96500035BA7 /* AMSlideMenuContentSegue.m */; };
		8456225119A3A96500035BA7 /* AMSlideMenuLeftMenuSegue.m in Sources */ = {isa = PBXBuildFile; fileRef = 8456224419A3A96500035BA7 /* AMSlideMenuLeftMenuSegue.m */; };
		8456225219A3A96500035BA7 /* AMSlideMenuLeftTableViewController.m in Sources */ = {isa = PBXBuildFile; fileRef = 8456224619A3A96500035BA7 /* AMSlideMenuLeftTableViewController.m */; };
		8456225319A3A96500035BA7 /* AMSlideMenuMainViewController.m in Sources */ = {isa = PBXBuildFile; fileRef = 8456224819A3A96500035BA7 /* AMSlideMenuMainViewController.m */; };
		8456225419A3A96500035BA7 /* AMSlideMenuRightMenuSegue.m in Sources */ = {isa = PBXBuildFile; fileRef = 8456224B19A3A96500035BA7 /* AMSlideMenuRightMenuSegue.m */; };
		8456225519A3A96500035BA7 /* AMSlideMenuRightTableViewController.m in Sources */ = {isa = PBXBuildFile; fileRef = 8456224D19A3A96500035BA7 /* AMSlideMenuRightTableViewController.m */; };
		8456225619A3A96500035BA7 /* UIViewController+AMSlideMenu.m in Sources */ = {isa = PBXBuildFile; fileRef = 8456224F19A3A96500035BA7 /* UIViewController+AMSlideMenu.m */; };
		845BA3C01945EC1B00927A63 /* Person.m in Sources */ = {isa = PBXBuildFile; fileRef = 845BA3BF1945EC1B00927A63 /* Person.m */; };
		8476DC7819C758FA002C2AFE /* Security.framework in Frameworks */ = {isa = PBXBuildFile; fileRef = 8476DC7719C758FA002C2AFE /* Security.framework */; };
		847FA30219C7868C00A449D5 /* MobileCoreServices.framework in Frameworks */ = {isa = PBXBuildFile; fileRef = 847FA30119C7868C00A449D5 /* MobileCoreServices.framework */; };
		84807EF619532865008229EB /* RightSlideMenuCellType.m in Sources */ = {isa = PBXBuildFile; fileRef = 84807EF519532865008229EB /* RightSlideMenuCellType.m */; };
		848A51511A37607700D1AD4E /* Message.m in Sources */ = {isa = PBXBuildFile; fileRef = 848A51501A37607700D1AD4E /* Message.m */; };
		84908C5B1A2E1DCD001B9E70 /* FacebookSDK.framework in Frameworks */ = {isa = PBXBuildFile; fileRef = 84908C5A1A2E1DCD001B9E70 /* FacebookSDK.framework */; };
		84909941193D078300E4A914 /* LoginWindow.m in Sources */ = {isa = PBXBuildFile; fileRef = 84909940193D078300E4A914 /* LoginWindow.m */; };
		84A6E98C193F8320001E0600 /* defaultProfile.png in Resources */ = {isa = PBXBuildFile; fileRef = 84A6E98B193F8320001E0600 /* defaultProfile.png */; };
		84B844EF193CF44500CF8A07 /* ChatWindow.m in Sources */ = {isa = PBXBuildFile; fileRef = 84B844EE193CF44500CF8A07 /* ChatWindow.m */; };
		84BBD0E119CBAAE7000B3230 /* Default@2x.png in Resources */ = {isa = PBXBuildFile; fileRef = 84BBD0E019CBAAE7000B3230 /* Default@2x.png */; };
		84BBD0E319CBAAF3000B3230 /* Default-568h@2x.png in Resources */ = {isa = PBXBuildFile; fileRef = 84BBD0E219CBAAF3000B3230 /* Default-568h@2x.png */; };
		84CA39A8193CD90E00636B4E /* SwitchSports.m in Sources */ = {isa = PBXBuildFile; fileRef = 84CA39A7193CD90E00636B4E /* SwitchSports.m */; };
		84CEB9B019CD018100128145 /* 80x80.png in Resources */ = {isa = PBXBuildFile; fileRef = 84CEB9AF19CD018100128145 /* 80x80.png */; };
		84CEB9B219CD018F00128145 /* 120x120.png in Resources */ = {isa = PBXBuildFile; fileRef = 84CEB9B119CD018F00128145 /* 120x120.png */; };
		84FF93B01A3531FB00BA9BA3 /* Bolts.framework in Frameworks */ = {isa = PBXBuildFile; fileRef = 84FF93AF1A3531FB00BA9BA3 /* Bolts.framework */; };
		84FF93B21A35320500BA9BA3 /* Parse.framework in Frameworks */ = {isa = PBXBuildFile; fileRef = 84FF93B11A35320500BA9BA3 /* Parse.framework */; };
		84FF93B41A35323B00BA9BA3 /* AudioToolbox.framework in Frameworks */ = {isa = PBXBuildFile; fileRef = 84FF93B31A35323B00BA9BA3 /* AudioToolbox.framework */; };
		84FF93B61A35324400BA9BA3 /* CFNetwork.framework in Frameworks */ = {isa = PBXBuildFile; fileRef = 84FF93B51A35324400BA9BA3 /* CFNetwork.framework */; };
		84FF93B81A35325100BA9BA3 /* CoreLocation.framework in Frameworks */ = {isa = PBXBuildFile; fileRef = 84FF93B71A35325100BA9BA3 /* CoreLocation.framework */; };
		84FF93BA1A35325B00BA9BA3 /* libz.dylib in Frameworks */ = {isa = PBXBuildFile; fileRef = 84FF93B91A35325B00BA9BA3 /* libz.dylib */; };
		84FF93BC1A35326900BA9BA3 /* QuartzCore.framework in Frameworks */ = {isa = PBXBuildFile; fileRef = 84FF93BB1A35326900BA9BA3 /* QuartzCore.framework */; };
		84FF93BE1A35327600BA9BA3 /* StoreKit.framework in Frameworks */ = {isa = PBXBuildFile; fileRef = 84FF93BD1A35327600BA9BA3 /* StoreKit.framework */; };
		84FF93C01A35327F00BA9BA3 /* SystemConfiguration.framework in Frameworks */ = {isa = PBXBuildFile; fileRef = 84FF93BF1A35327F00BA9BA3 /* SystemConfiguration.framework */; };
/* End PBXBuildFile section */

/* Begin PBXContainerItemProxy section */
		84317E431937CA8800EF952F /* PBXContainerItemProxy */ = {
			isa = PBXContainerItemProxy;
			containerPortal = 84317E151937CA7E00EF952F /* Project object */;
			proxyType = 1;
			remoteGlobalIDString = 84317E1C1937CA8100EF952F;
			remoteInfo = WeGotNext;
		};
/* End PBXContainerItemProxy section */

/* Begin PBXFileReference section */
		8408A1C419633D7C00E5AD98 /* libsqlite3.dylib */ = {isa = PBXFileReference; lastKnownFileType = "compiled.mach-o.dylib"; name = libsqlite3.dylib; path = usr/lib/libsqlite3.dylib; sourceTree = SDKROOT; };
		8413E2C419CC74DE00A4A8C2 /* icon@2x.png */ = {isa = PBXFileReference; lastKnownFileType = image.png; path = "icon@2x.png"; sourceTree = "<group>"; };
		8418781419FBD827007E06A1 /* getUser.php */ = {isa = PBXFileReference; fileEncoding = 4; lastKnownFileType = text.script.php; path = getUser.php; sourceTree = "<group>"; };
		841FB894193CC3ED004CD043 /* Profile.h */ = {isa = PBXFileReference; fileEncoding = 4; lastKnownFileType = sourcecode.c.h; path = Profile.h; sourceTree = "<group>"; };
		841FB895193CC3ED004CD043 /* Profile.m */ = {isa = PBXFileReference; fileEncoding = 4; lastKnownFileType = sourcecode.c.objc; path = Profile.m; sourceTree = "<group>"; };
		841FB897193CC42D004CD043 /* Home.h */ = {isa = PBXFileReference; fileEncoding = 4; lastKnownFileType = sourcecode.c.h; path = Home.h; sourceTree = "<group>"; };
		841FB898193CC42D004CD043 /* Home.m */ = {isa = PBXFileReference; fileEncoding = 4; lastKnownFileType = sourcecode.c.objc; path = Home.m; sourceTree = "<group>"; };
		841FB89A193CC849004CD043 /* Settings.h */ = {isa = PBXFileReference; fileEncoding = 4; lastKnownFileType = sourcecode.c.h; path = Settings.h; sourceTree = "<group>"; };
		841FB89B193CC849004CD043 /* Settings.m */ = {isa = PBXFileReference; fileEncoding = 4; lastKnownFileType = sourcecode.c.objc; path = Settings.m; sourceTree = "<group>"; };
		841FB89D193CCA80004CD043 /* MatchesGraphics.h */ = {isa = PBXFileReference; fileEncoding = 4; lastKnownFileType = sourcecode.c.h; path = MatchesGraphics.h; sourceTree = "<group>"; };
		841FB89E193CCA80004CD043 /* MatchesGraphics.m */ = {isa = PBXFileReference; fileEncoding = 4; lastKnownFileType = sourcecode.c.objc; path = MatchesGraphics.m; sourceTree = "<group>"; };
		841FB8A0193CD3D1004CD043 /* TeamGraphics.h */ = {isa = PBXFileReference; fileEncoding = 4; lastKnownFileType = sourcecode.c.h; path = TeamGraphics.h; sourceTree = "<group>"; };
		841FB8A1193CD3D1004CD043 /* TeamGraphics.m */ = {isa = PBXFileReference; fileEncoding = 4; lastKnownFileType = sourcecode.c.objc; path = TeamGraphics.m; sourceTree = "<group>"; };
		842787721974109B00582329 /* MapKit.framework */ = {isa = PBXFileReference; lastKnownFileType = wrapper.framework; name = MapKit.framework; path = System/Library/Frameworks/MapKit.framework; sourceTree = SDKROOT; };
		842787741974339100582329 /* teammateProfile.h */ = {isa = PBXFileReference; fileEncoding = 4; lastKnownFileType = sourcecode.c.h; path = teammateProfile.h; sourceTree = "<group>"; };
		842787751974339100582329 /* teammateProfile.m */ = {isa = PBXFileReference; fileEncoding = 4; lastKnownFileType = sourcecode.c.objc; path = teammateProfile.m; sourceTree = "<group>"; };
		84314F3F194F32FA008DC865 /* TeamCellType.h */ = {isa = PBXFileReference; fileEncoding = 4; lastKnownFileType = sourcecode.c.h; path = TeamCellType.h; sourceTree = "<group>"; };
		84314F40194F32FA008DC865 /* TeamCellType.m */ = {isa = PBXFileReference; fileEncoding = 4; lastKnownFileType = sourcecode.c.objc; path = TeamCellType.m; sourceTree = "<group>"; };
		8431695019645A9200AA0CE5 /* inAppStorage_WeGotNext.sqlite */ = {isa = PBXFileReference; lastKnownFileType = file; path = inAppStorage_WeGotNext.sqlite; sourceTree = "<group>"; };
		84317E1D1937CA8100EF952F /* WeGotNext.app */ = {isa = PBXFileReference; explicitFileType = wrapper.application; includeInIndex = 0; path = WeGotNext.app; sourceTree = BUILT_PRODUCTS_DIR; };
		84317E201937CA8100EF952F /* Foundation.framework */ = {isa = PBXFileReference; lastKnownFileType = wrapper.framework; name = Foundation.framework; path = System/Library/Frameworks/Foundation.framework; sourceTree = SDKROOT; };
		84317E221937CA8100EF952F /* CoreGraphics.framework */ = {isa = PBXFileReference; lastKnownFileType = wrapper.framework; name = CoreGraphics.framework; path = System/Library/Frameworks/CoreGraphics.framework; sourceTree = SDKROOT; };
		84317E241937CA8100EF952F /* UIKit.framework */ = {isa = PBXFileReference; lastKnownFileType = wrapper.framework; name = UIKit.framework; path = System/Library/Frameworks/UIKit.framework; sourceTree = SDKROOT; };
		84317E281937CA8200EF952F /* WeGotNext-Info.plist */ = {isa = PBXFileReference; lastKnownFileType = text.plist.xml; path = "WeGotNext-Info.plist"; sourceTree = "<group>"; };
		84317E2A1937CA8200EF952F /* en */ = {isa = PBXFileReference; lastKnownFileType = text.plist.strings; name = en; path = en.lproj/InfoPlist.strings; sourceTree = "<group>"; };
		84317E2C1937CA8300EF952F /* main.m */ = {isa = PBXFileReference; lastKnownFileType = sourcecode.c.objc; path = main.m; sourceTree = "<group>"; };
		84317E2E1937CA8300EF952F /* WeGotNext-Prefix.pch */ = {isa = PBXFileReference; lastKnownFileType = sourcecode.c.h; path = "WeGotNext-Prefix.pch"; sourceTree = "<group>"; };
		84317E2F1937CA8400EF952F /* AppDelegate.h */ = {isa = PBXFileReference; lastKnownFileType = sourcecode.c.h; path = AppDelegate.h; sourceTree = "<group>"; };
		84317E301937CA8400EF952F /* AppDelegate.m */ = {isa = PBXFileReference; lastKnownFileType = sourcecode.c.objc; path = AppDelegate.m; sourceTree = "<group>"; };
		84317E331937CA8500EF952F /* Base */ = {isa = PBXFileReference; lastKnownFileType = file.storyboard; name = Base; path = Base.lproj/Main.storyboard; sourceTree = "<group>"; };
		84317E381937CA8700EF952F /* Images.xcassets */ = {isa = PBXFileReference; lastKnownFileType = folder.assetcatalog; path = Images.xcassets; sourceTree = "<group>"; };
		84317E3E1937CA8800EF952F /* WeGotNextTests.xctest */ = {isa = PBXFileReference; explicitFileType = wrapper.cfbundle; includeInIndex = 0; path = WeGotNextTests.xctest; sourceTree = BUILT_PRODUCTS_DIR; };
		84317E3F1937CA8800EF952F /* XCTest.framework */ = {isa = PBXFileReference; lastKnownFileType = wrapper.framework; name = XCTest.framework; path = Library/Frameworks/XCTest.framework; sourceTree = DEVELOPER_DIR; };
		84317E471937CA8800EF952F /* WeGotNextTests-Info.plist */ = {isa = PBXFileReference; lastKnownFileType = text.plist.xml; path = "WeGotNextTests-Info.plist"; sourceTree = "<group>"; };
		84317E491937CA8900EF952F /* en */ = {isa = PBXFileReference; lastKnownFileType = text.plist.strings; name = en; path = en.lproj/InfoPlist.strings; sourceTree = "<group>"; };
		84317E4B1937CA8900EF952F /* WeGotNextTests.m */ = {isa = PBXFileReference; lastKnownFileType = sourcecode.c.objc; path = WeGotNextTests.m; sourceTree = "<group>"; };
		84317E6C1937D3DE00EF952F /* MainMenu.h */ = {isa = PBXFileReference; fileEncoding = 4; lastKnownFileType = sourcecode.c.h; path = MainMenu.h; sourceTree = "<group>"; };
		84317E6D1937D3DE00EF952F /* MainMenu.m */ = {isa = PBXFileReference; fileEncoding = 4; lastKnownFileType = sourcecode.c.objc; path = MainMenu.m; sourceTree = "<group>"; };
		84322CED1A369909003867E3 /* ChatViewCell.m */ = {isa = PBXFileReference; fileEncoding = 4; lastKnownFileType = sourcecode.c.objc; path = ChatViewCell.m; sourceTree = "<group>"; };
		84322CEF1A36992C003867E3 /* ChatViewCell.h */ = {isa = PBXFileReference; fileEncoding = 4; lastKnownFileType = sourcecode.c.h; path = ChatViewCell.h; sourceTree = "<group>"; };
		843B5D3B19B5248900A93787 /* PlayerPreferences.h */ = {isa = PBXFileReference; fileEncoding = 4; lastKnownFileType = sourcecode.c.h; path = PlayerPreferences.h; sourceTree = "<group>"; };
		843B5D3C19B5248900A93787 /* PlayerPreferences.m */ = {isa = PBXFileReference; fileEncoding = 4; lastKnownFileType = sourcecode.c.objc; path = PlayerPreferences.m; sourceTree = "<group>"; };
		84416E7A196B002F00577044 /* LogOutWindow.h */ = {isa = PBXFileReference; fileEncoding = 4; lastKnownFileType = sourcecode.c.h; path = LogOutWindow.h; sourceTree = "<group>"; };
		84416E7B196B002F00577044 /* LogOutWindow.m */ = {isa = PBXFileReference; fileEncoding = 4; lastKnownFileType = sourcecode.c.objc; path = LogOutWindow.m; sourceTree = "<group>"; };
		84459731194B497D00877BBE /* MatchCellType.h */ = {isa = PBXFileReference; fileEncoding = 4; lastKnownFileType = sourcecode.c.h; path = MatchCellType.h; sourceTree = "<group>"; };
		84459732194B497D00877BBE /* MatchCellType.m */ = {isa = PBXFileReference; fileEncoding = 4; lastKnownFileType = sourcecode.c.objc; path = MatchCellType.m; sourceTree = "<group>"; };
		844F37501948A66000A89B80 /* MyManager.h */ = {isa = PBXFileReference; fileEncoding = 4; lastKnownFileType = sourcecode.c.h; path = MyManager.h; sourceTree = "<group>"; };
		844F37511948A66000A89B80 /* MyManager.m */ = {isa = PBXFileReference; fileEncoding = 4; lastKnownFileType = sourcecode.c.objc; path = MyManager.m; sourceTree = "<group>"; };
		8451C510195DB112002EA936 /* userProfile.h */ = {isa = PBXFileReference; fileEncoding = 4; lastKnownFileType = sourcecode.c.h; path = userProfile.h; sourceTree = "<group>"; };
		8451C511195DB112002EA936 /* userProfile.m */ = {isa = PBXFileReference; fileEncoding = 4; lastKnownFileType = sourcecode.c.objc; path = userProfile.m; sourceTree = "<group>"; };
		8452353F1A027D1D00776A7F /* addUser.php */ = {isa = PBXFileReference; fileEncoding = 4; lastKnownFileType = text.script.php; path = addUser.php; sourceTree = "<group>"; };
		8452A3A0194209B40044A2D4 /* CreateUserWindow.h */ = {isa = PBXFileReference; fileEncoding = 4; lastKnownFileType = sourcecode.c.h; path = CreateUserWindow.h; sourceTree = "<group>"; };
		8452A3A1194209B40044A2D4 /* CreateUserWindow.m */ = {isa = PBXFileReference; fileEncoding = 4; lastKnownFileType = sourcecode.c.objc; path = CreateUserWindow.m; sourceTree = "<group>"; };
		8454EE21193D056700169D83 /* LoginWindow.h */ = {isa = PBXFileReference; fileEncoding = 4; lastKnownFileType = sourcecode.c.h; path = LoginWindow.h; sourceTree = "<group>"; };
		8456224119A3A96500035BA7 /* AMSlideMenuContentSegue.h */ = {isa = PBXFileReference; fileEncoding = 4; lastKnownFileType = sourcecode.c.h; path = AMSlideMenuContentSegue.h; sourceTree = "<group>"; };
		8456224219A3A96500035BA7 /* AMSlideMenuContentSegue.m */ = {isa = PBXFileReference; fileEncoding = 4; lastKnownFileType = sourcecode.c.objc; path = AMSlideMenuContentSegue.m; sourceTree = "<group>"; };
		8456224319A3A96500035BA7 /* AMSlideMenuLeftMenuSegue.h */ = {isa = PBXFileReference; fileEncoding = 4; lastKnownFileType = sourcecode.c.h; path = AMSlideMenuLeftMenuSegue.h; sourceTree = "<group>"; };
		8456224419A3A96500035BA7 /* AMSlideMenuLeftMenuSegue.m */ = {isa = PBXFileReference; fileEncoding = 4; lastKnownFileType = sourcecode.c.objc; path = AMSlideMenuLeftMenuSegue.m; sourceTree = "<group>"; };
		8456224519A3A96500035BA7 /* AMSlideMenuLeftTableViewController.h */ = {isa = PBXFileReference; fileEncoding = 4; lastKnownFileType = sourcecode.c.h; path = AMSlideMenuLeftTableViewController.h; sourceTree = "<group>"; };
		8456224619A3A96500035BA7 /* AMSlideMenuLeftTableViewController.m */ = {isa = PBXFileReference; fileEncoding = 4; lastKnownFileType = sourcecode.c.objc; path = AMSlideMenuLeftTableViewController.m; sourceTree = "<group>"; };
		8456224719A3A96500035BA7 /* AMSlideMenuMainViewController.h */ = {isa = PBXFileReference; fileEncoding = 4; lastKnownFileType = sourcecode.c.h; path = AMSlideMenuMainViewController.h; sourceTree = "<group>"; };
		8456224819A3A96500035BA7 /* AMSlideMenuMainViewController.m */ = {isa = PBXFileReference; fileEncoding = 4; lastKnownFileType = sourcecode.c.objc; path = AMSlideMenuMainViewController.m; sourceTree = "<group>"; };
		8456224919A3A96500035BA7 /* AMSlideMenuProtocols.h */ = {isa = PBXFileReference; fileEncoding = 4; lastKnownFileType = sourcecode.c.h; path = AMSlideMenuProtocols.h; sourceTree = "<group>"; };
		8456224A19A3A96500035BA7 /* AMSlideMenuRightMenuSegue.h */ = {isa = PBXFileReference; fileEncoding = 4; lastKnownFileType = sourcecode.c.h; path = AMSlideMenuRightMenuSegue.h; sourceTree = "<group>"; };
		8456224B19A3A96500035BA7 /* AMSlideMenuRightMenuSegue.m */ = {isa = PBXFileReference; fileEncoding = 4; lastKnownFileType = sourcecode.c.objc; path = AMSlideMenuRightMenuSegue.m; sourceTree = "<group>"; };
		8456224C19A3A96500035BA7 /* AMSlideMenuRightTableViewController.h */ = {isa = PBXFileReference; fileEncoding = 4; lastKnownFileType = sourcecode.c.h; path = AMSlideMenuRightTableViewController.h; sourceTree = "<group>"; };
		8456224D19A3A96500035BA7 /* AMSlideMenuRightTableViewController.m */ = {isa = PBXFileReference; fileEncoding = 4; lastKnownFileType = sourcecode.c.objc; path = AMSlideMenuRightTableViewController.m; sourceTree = "<group>"; };
		8456224E19A3A96500035BA7 /* UIViewController+AMSlideMenu.h */ = {isa = PBXFileReference; fileEncoding = 4; lastKnownFileType = sourcecode.c.h; path = "UIViewController+AMSlideMenu.h"; sourceTree = "<group>"; };
		8456224F19A3A96500035BA7 /* UIViewController+AMSlideMenu.m */ = {isa = PBXFileReference; fileEncoding = 4; lastKnownFileType = sourcecode.c.objc; path = "UIViewController+AMSlideMenu.m"; sourceTree = "<group>"; };
		845BA3BE1945EC1B00927A63 /* Person.h */ = {isa = PBXFileReference; fileEncoding = 4; lastKnownFileType = sourcecode.c.h; path = Person.h; sourceTree = "<group>"; };
		845BA3BF1945EC1B00927A63 /* Person.m */ = {isa = PBXFileReference; fileEncoding = 4; lastKnownFileType = sourcecode.c.objc; path = Person.m; sourceTree = "<group>"; };
		8476DC7719C758FA002C2AFE /* Security.framework */ = {isa = PBXFileReference; lastKnownFileType = wrapper.framework; name = Security.framework; path = System/Library/Frameworks/Security.framework; sourceTree = SDKROOT; };
		847FA30119C7868C00A449D5 /* MobileCoreServices.framework */ = {isa = PBXFileReference; lastKnownFileType = wrapper.framework; name = MobileCoreServices.framework; path = System/Library/Frameworks/MobileCoreServices.framework; sourceTree = SDKROOT; };
		84807EF419532865008229EB /* RightSlideMenuCellType.h */ = {isa = PBXFileReference; fileEncoding = 4; lastKnownFileType = sourcecode.c.h; path = RightSlideMenuCellType.h; sourceTree = "<group>"; };
		84807EF519532865008229EB /* RightSlideMenuCellType.m */ = {isa = PBXFileReference; fileEncoding = 4; lastKnownFileType = sourcecode.c.objc; path = RightSlideMenuCellType.m; sourceTree = "<group>"; };
		848A514F1A37607700D1AD4E /* Message.h */ = {isa = PBXFileReference; fileEncoding = 4; lastKnownFileType = sourcecode.c.h; path = Message.h; sourceTree = "<group>"; };
		848A51501A37607700D1AD4E /* Message.m */ = {isa = PBXFileReference; fileEncoding = 4; lastKnownFileType = sourcecode.c.objc; path = Message.m; sourceTree = "<group>"; };
		84908C5A1A2E1DCD001B9E70 /* FacebookSDK.framework */ = {isa = PBXFileReference; lastKnownFileType = wrapper.framework; name = FacebookSDK.framework; path = ../../Documents/FacebookSDK/FacebookSDK.framework; sourceTree = "<group>"; };
		84909940193D078300E4A914 /* LoginWindow.m */ = {isa = PBXFileReference; fileEncoding = 4; lastKnownFileType = sourcecode.c.objc; path = LoginWindow.m; sourceTree = "<group>"; };
		84A6E98B193F8320001E0600 /* defaultProfile.png */ = {isa = PBXFileReference; lastKnownFileType = image.png; path = defaultProfile.png; sourceTree = "<group>"; };
		84B844ED193CF44400CF8A07 /* ChatWindow.h */ = {isa = PBXFileReference; fileEncoding = 4; lastKnownFileType = sourcecode.c.h; path = ChatWindow.h; sourceTree = "<group>"; };
		84B844EE193CF44500CF8A07 /* ChatWindow.m */ = {isa = PBXFileReference; fileEncoding = 4; lastKnownFileType = sourcecode.c.objc; path = ChatWindow.m; sourceTree = "<group>"; };
		84BBD0E019CBAAE7000B3230 /* Default@2x.png */ = {isa = PBXFileReference; lastKnownFileType = image.png; path = "Default@2x.png"; sourceTree = "<group>"; };
		84BBD0E219CBAAF3000B3230 /* Default-568h@2x.png */ = {isa = PBXFileReference; lastKnownFileType = image.png; path = "Default-568h@2x.png"; sourceTree = "<group>"; };
		84CA39A6193CD90E00636B4E /* SwitchSports.h */ = {isa = PBXFileReference; fileEncoding = 4; lastKnownFileType = sourcecode.c.h; path = SwitchSports.h; sourceTree = "<group>"; };
		84CA39A7193CD90E00636B4E /* SwitchSports.m */ = {isa = PBXFileReference; fileEncoding = 4; lastKnownFileType = sourcecode.c.objc; path = SwitchSports.m; sourceTree = "<group>"; };
		84CEB9AF19CD018100128145 /* 80x80.png */ = {isa = PBXFileReference; lastKnownFileType = image.png; path = 80x80.png; sourceTree = "<group>"; };
		84CEB9B119CD018F00128145 /* 120x120.png */ = {isa = PBXFileReference; lastKnownFileType = image.png; path = 120x120.png; sourceTree = "<group>"; };
		84FF93AF1A3531FB00BA9BA3 /* Bolts.framework */ = {isa = PBXFileReference; lastKnownFileType = wrapper.framework; path = Bolts.framework; sourceTree = "<group>"; };
		84FF93B11A35320500BA9BA3 /* Parse.framework */ = {isa = PBXFileReference; lastKnownFileType = wrapper.framework; path = Parse.framework; sourceTree = "<group>"; };
		84FF93B31A35323B00BA9BA3 /* AudioToolbox.framework */ = {isa = PBXFileReference; lastKnownFileType = wrapper.framework; name = AudioToolbox.framework; path = System/Library/Frameworks/AudioToolbox.framework; sourceTree = SDKROOT; };
		84FF93B51A35324400BA9BA3 /* CFNetwork.framework */ = {isa = PBXFileReference; lastKnownFileType = wrapper.framework; name = CFNetwork.framework; path = System/Library/Frameworks/CFNetwork.framework; sourceTree = SDKROOT; };
		84FF93B71A35325100BA9BA3 /* CoreLocation.framework */ = {isa = PBXFileReference; lastKnownFileType = wrapper.framework; name = CoreLocation.framework; path = System/Library/Frameworks/CoreLocation.framework; sourceTree = SDKROOT; };
		84FF93B91A35325B00BA9BA3 /* libz.dylib */ = {isa = PBXFileReference; lastKnownFileType = "compiled.mach-o.dylib"; name = libz.dylib; path = usr/lib/libz.dylib; sourceTree = SDKROOT; };
		84FF93BB1A35326900BA9BA3 /* QuartzCore.framework */ = {isa = PBXFileReference; lastKnownFileType = wrapper.framework; name = QuartzCore.framework; path = System/Library/Frameworks/QuartzCore.framework; sourceTree = SDKROOT; };
		84FF93BD1A35327600BA9BA3 /* StoreKit.framework */ = {isa = PBXFileReference; lastKnownFileType = wrapper.framework; name = StoreKit.framework; path = System/Library/Frameworks/StoreKit.framework; sourceTree = SDKROOT; };
		84FF93BF1A35327F00BA9BA3 /* SystemConfiguration.framework */ = {isa = PBXFileReference; lastKnownFileType = wrapper.framework; name = SystemConfiguration.framework; path = System/Library/Frameworks/SystemConfiguration.framework; sourceTree = SDKROOT; };
/* End PBXFileReference section */

/* Begin PBXFrameworksBuildPhase section */
		84317E1A1937CA8100EF952F /* Frameworks */ = {
			isa = PBXFrameworksBuildPhase;
			buildActionMask = 2147483647;
			files = (
				84FF93C01A35327F00BA9BA3 /* SystemConfiguration.framework in Frameworks */,
				84FF93BE1A35327600BA9BA3 /* StoreKit.framework in Frameworks */,
				8476DC7819C758FA002C2AFE /* Security.framework in Frameworks */,
				84FF93BC1A35326900BA9BA3 /* QuartzCore.framework in Frameworks */,
				84FF93BA1A35325B00BA9BA3 /* libz.dylib in Frameworks */,
				84FF93B81A35325100BA9BA3 /* CoreLocation.framework in Frameworks */,
				84FF93B61A35324400BA9BA3 /* CFNetwork.framework in Frameworks */,
				84FF93B41A35323B00BA9BA3 /* AudioToolbox.framework in Frameworks */,
				847FA30219C7868C00A449D5 /* MobileCoreServices.framework in Frameworks */,
				842787731974109B00582329 /* MapKit.framework in Frameworks */,
				8431694D196459B800AA0CE5 /* libsqlite3.dylib in Frameworks */,
				84FF93B21A35320500BA9BA3 /* Parse.framework in Frameworks */,
				84317E231937CA8100EF952F /* CoreGraphics.framework in Frameworks */,
				84908C5B1A2E1DCD001B9E70 /* FacebookSDK.framework in Frameworks */,
				84FF93B01A3531FB00BA9BA3 /* Bolts.framework in Frameworks */,
				84317E251937CA8100EF952F /* UIKit.framework in Frameworks */,
				84317E211937CA8100EF952F /* Foundation.framework in Frameworks */,
			);
			runOnlyForDeploymentPostprocessing = 0;
		};
		84317E3B1937CA8800EF952F /* Frameworks */ = {
			isa = PBXFrameworksBuildPhase;
			buildActionMask = 2147483647;
			files = (
				84317E401937CA8800EF952F /* XCTest.framework in Frameworks */,
				84317E421937CA8800EF952F /* UIKit.framework in Frameworks */,
				84317E411937CA8800EF952F /* Foundation.framework in Frameworks */,
			);
			runOnlyForDeploymentPostprocessing = 0;
		};
/* End PBXFrameworksBuildPhase section */

/* Begin PBXGroup section */
		84317E141937CA7E00EF952F = {
			isa = PBXGroup;
			children = (
				84317E261937CA8100EF952F /* WeGotNext */,
				84317E451937CA8800EF952F /* WeGotNextTests */,
				84317E1F1937CA8100EF952F /* Frameworks */,
				84317E1E1937CA8100EF952F /* Products */,
			);
			sourceTree = "<group>";
		};
		84317E1E1937CA8100EF952F /* Products */ = {
			isa = PBXGroup;
			children = (
				84317E1D1937CA8100EF952F /* WeGotNext.app */,
				84317E3E1937CA8800EF952F /* WeGotNextTests.xctest */,
			);
			name = Products;
			sourceTree = "<group>";
		};
		84317E1F1937CA8100EF952F /* Frameworks */ = {
			isa = PBXGroup;
			children = (
				84FF93BF1A35327F00BA9BA3 /* SystemConfiguration.framework */,
				84FF93BD1A35327600BA9BA3 /* StoreKit.framework */,
				84FF93BB1A35326900BA9BA3 /* QuartzCore.framework */,
				84FF93B91A35325B00BA9BA3 /* libz.dylib */,
				84FF93B71A35325100BA9BA3 /* CoreLocation.framework */,
				84FF93B51A35324400BA9BA3 /* CFNetwork.framework */,
				84FF93B31A35323B00BA9BA3 /* AudioToolbox.framework */,
				84FF93B11A35320500BA9BA3 /* Parse.framework */,
				84FF93AF1A3531FB00BA9BA3 /* Bolts.framework */,
				84908C5A1A2E1DCD001B9E70 /* FacebookSDK.framework */,
				847FA30119C7868C00A449D5 /* MobileCoreServices.framework */,
				8476DC7719C758FA002C2AFE /* Security.framework */,
				842787721974109B00582329 /* MapKit.framework */,
				8408A1C419633D7C00E5AD98 /* libsqlite3.dylib */,
				84317E201937CA8100EF952F /* Foundation.framework */,
				84317E221937CA8100EF952F /* CoreGraphics.framework */,
				84317E241937CA8100EF952F /* UIKit.framework */,
				84317E3F1937CA8800EF952F /* XCTest.framework */,
			);
			name = Frameworks;
			sourceTree = "<group>";
		};
		84317E261937CA8100EF952F /* WeGotNext */ = {
			isa = PBXGroup;
			children = (
				8456224019A3A96500035BA7 /* AMSlideMenu */,
				84317E2F1937CA8400EF952F /* AppDelegate.h */,
				84317E301937CA8400EF952F /* AppDelegate.m */,
				84B844ED193CF44400CF8A07 /* ChatWindow.h */,
				84B844EE193CF44500CF8A07 /* ChatWindow.m */,
				84322CEF1A36992C003867E3 /* ChatViewCell.h */,
				84322CED1A369909003867E3 /* ChatViewCell.m */,
				8452A3A0194209B40044A2D4 /* CreateUserWindow.h */,
				8452A3A1194209B40044A2D4 /* CreateUserWindow.m */,
				84A6E98B193F8320001E0600 /* defaultProfile.png */,
				84BBD0E019CBAAE7000B3230 /* Default@2x.png */,
				84BBD0E219CBAAF3000B3230 /* Default-568h@2x.png */,
				8413E2C419CC74DE00A4A8C2 /* icon@2x.png */,
				84CEB9AF19CD018100128145 /* 80x80.png */,
				84CEB9B119CD018F00128145 /* 120x120.png */,
				841FB897193CC42D004CD043 /* Home.h */,
				841FB898193CC42D004CD043 /* Home.m */,
				8454EE21193D056700169D83 /* LoginWindow.h */,
				84909940193D078300E4A914 /* LoginWindow.m */,
				84416E7A196B002F00577044 /* LogOutWindow.h */,
				84416E7B196B002F00577044 /* LogOutWindow.m */,
				84317E6C1937D3DE00EF952F /* MainMenu.h */,
				84317E6D1937D3DE00EF952F /* MainMenu.m */,
				84459731194B497D00877BBE /* MatchCellType.h */,
				84459732194B497D00877BBE /* MatchCellType.m */,
				841FB89D193CCA80004CD043 /* MatchesGraphics.h */,
				841FB89E193CCA80004CD043 /* MatchesGraphics.m */,
				848A514F1A37607700D1AD4E /* Message.h */,
				848A51501A37607700D1AD4E /* Message.m */,
				844F37501948A66000A89B80 /* MyManager.h */,
				844F37511948A66000A89B80 /* MyManager.m */,
				845BA3BE1945EC1B00927A63 /* Person.h */,
				845BA3BF1945EC1B00927A63 /* Person.m */,
				843B5D3B19B5248900A93787 /* PlayerPreferences.h */,
				843B5D3C19B5248900A93787 /* PlayerPreferences.m */,
				841FB894193CC3ED004CD043 /* Profile.h */,
				841FB895193CC3ED004CD043 /* Profile.m */,
				84807EF419532865008229EB /* RightSlideMenuCellType.h */,
				84807EF519532865008229EB /* RightSlideMenuCellType.m */,
				841FB89A193CC849004CD043 /* Settings.h */,
				841FB89B193CC849004CD043 /* Settings.m */,
				84CA39A6193CD90E00636B4E /* SwitchSports.h */,
				84CA39A7193CD90E00636B4E /* SwitchSports.m */,
				84314F3F194F32FA008DC865 /* TeamCellType.h */,
				84314F40194F32FA008DC865 /* TeamCellType.m */,
				841FB8A0193CD3D1004CD043 /* TeamGraphics.h */,
				841FB8A1193CD3D1004CD043 /* TeamGraphics.m */,
				842787741974339100582329 /* teammateProfile.h */,
				842787751974339100582329 /* teammateProfile.m */,
				8451C510195DB112002EA936 /* userProfile.h */,
				8451C511195DB112002EA936 /* userProfile.m */,
				84317E381937CA8700EF952F /* Images.xcassets */,
				84317E271937CA8200EF952F /* Supporting Files */,
			);
			path = WeGotNext;
			sourceTree = "<group>";
		};
		84317E271937CA8200EF952F /* Supporting Files */ = {
			isa = PBXGroup;
			children = (
				8452353F1A027D1D00776A7F /* addUser.php */,
				8418781419FBD827007E06A1 /* getUser.php */,
				8431695019645A9200AA0CE5 /* inAppStorage_WeGotNext.sqlite */,
				84317E321937CA8500EF952F /* Main.storyboard */,
				84317E281937CA8200EF952F /* WeGotNext-Info.plist */,
				84317E291937CA8200EF952F /* InfoPlist.strings */,
				84317E2C1937CA8300EF952F /* main.m */,
				84317E2E1937CA8300EF952F /* WeGotNext-Prefix.pch */,
			);
			name = "Supporting Files";
			sourceTree = "<group>";
		};
		84317E451937CA8800EF952F /* WeGotNextTests */ = {
			isa = PBXGroup;
			children = (
				84317E4B1937CA8900EF952F /* WeGotNextTests.m */,
				84317E461937CA8800EF952F /* Supporting Files */,
			);
			path = WeGotNextTests;
			sourceTree = "<group>";
		};
		84317E461937CA8800EF952F /* Supporting Files */ = {
			isa = PBXGroup;
			children = (
				84317E471937CA8800EF952F /* WeGotNextTests-Info.plist */,
				84317E481937CA8900EF952F /* InfoPlist.strings */,
			);
			name = "Supporting Files";
			sourceTree = "<group>";
		};
		8456224019A3A96500035BA7 /* AMSlideMenu */ = {
			isa = PBXGroup;
			children = (
				8456224119A3A96500035BA7 /* AMSlideMenuContentSegue.h */,
				8456224219A3A96500035BA7 /* AMSlideMenuContentSegue.m */,
				8456224319A3A96500035BA7 /* AMSlideMenuLeftMenuSegue.h */,
				8456224419A3A96500035BA7 /* AMSlideMenuLeftMenuSegue.m */,
				8456224519A3A96500035BA7 /* AMSlideMenuLeftTableViewController.h */,
				8456224619A3A96500035BA7 /* AMSlideMenuLeftTableViewController.m */,
				8456224719A3A96500035BA7 /* AMSlideMenuMainViewController.h */,
				8456224819A3A96500035BA7 /* AMSlideMenuMainViewController.m */,
				8456224919A3A96500035BA7 /* AMSlideMenuProtocols.h */,
				8456224A19A3A96500035BA7 /* AMSlideMenuRightMenuSegue.h */,
				8456224B19A3A96500035BA7 /* AMSlideMenuRightMenuSegue.m */,
				8456224C19A3A96500035BA7 /* AMSlideMenuRightTableViewController.h */,
				8456224D19A3A96500035BA7 /* AMSlideMenuRightTableViewController.m */,
				8456224E19A3A96500035BA7 /* UIViewController+AMSlideMenu.h */,
				8456224F19A3A96500035BA7 /* UIViewController+AMSlideMenu.m */,
			);
			path = AMSlideMenu;
			sourceTree = "<group>";
		};
/* End PBXGroup section */

/* Begin PBXNativeTarget section */
		84317E1C1937CA8100EF952F /* WeGotNext */ = {
			isa = PBXNativeTarget;
			buildConfigurationList = 84317E4F1937CA8900EF952F /* Build configuration list for PBXNativeTarget "WeGotNext" */;
			buildPhases = (
				84317E191937CA8100EF952F /* Sources */,
				84317E1A1937CA8100EF952F /* Frameworks */,
				84317E1B1937CA8100EF952F /* Resources */,
			);
			buildRules = (
			);
			dependencies = (
			);
			name = WeGotNext;
			productName = WeGotNext;
			productReference = 84317E1D1937CA8100EF952F /* WeGotNext.app */;
			productType = "com.apple.product-type.application";
		};
		84317E3D1937CA8800EF952F /* WeGotNextTests */ = {
			isa = PBXNativeTarget;
			buildConfigurationList = 84317E521937CA8900EF952F /* Build configuration list for PBXNativeTarget "WeGotNextTests" */;
			buildPhases = (
				84317E3A1937CA8800EF952F /* Sources */,
				84317E3B1937CA8800EF952F /* Frameworks */,
				84317E3C1937CA8800EF952F /* Resources */,
			);
			buildRules = (
			);
			dependencies = (
				84317E441937CA8800EF952F /* PBXTargetDependency */,
			);
			name = WeGotNextTests;
			productName = WeGotNextTests;
			productReference = 84317E3E1937CA8800EF952F /* WeGotNextTests.xctest */;
			productType = "com.apple.product-type.bundle.unit-test";
		};
/* End PBXNativeTarget section */

/* Begin PBXProject section */
		84317E151937CA7E00EF952F /* Project object */ = {
			isa = PBXProject;
			attributes = {
				LastUpgradeCheck = 0510;
				ORGANIZATIONNAME = "Nick Zayatz and Charlie Adams";
				TargetAttributes = {
					84317E1C1937CA8100EF952F = {
						DevelopmentTeam = JY6F3955SN;
					};
					84317E3D1937CA8800EF952F = {
						TestTargetID = 84317E1C1937CA8100EF952F;
					};
				};
			};
			buildConfigurationList = 84317E181937CA7E00EF952F /* Build configuration list for PBXProject "WeGotNext" */;
			compatibilityVersion = "Xcode 3.2";
			developmentRegion = English;
			hasScannedForEncodings = 0;
			knownRegions = (
				en,
				Base,
			);
			mainGroup = 84317E141937CA7E00EF952F;
			productRefGroup = 84317E1E1937CA8100EF952F /* Products */;
			projectDirPath = "";
			projectRoot = "";
			targets = (
				84317E1C1937CA8100EF952F /* WeGotNext */,
				84317E3D1937CA8800EF952F /* WeGotNextTests */,
			);
		};
/* End PBXProject section */

/* Begin PBXResourcesBuildPhase section */
		84317E1B1937CA8100EF952F /* Resources */ = {
			isa = PBXResourcesBuildPhase;
			buildActionMask = 2147483647;
			files = (
				84BBD0E119CBAAE7000B3230 /* Default@2x.png in Resources */,
				8413E2C519CC74DE00A4A8C2 /* icon@2x.png in Resources */,
				8418781519FBD827007E06A1 /* getUser.php in Resources */,
				84CEB9B219CD018F00128145 /* 120x120.png in Resources */,
				84317E391937CA8700EF952F /* Images.xcassets in Resources */,
				845235401A027D1D00776A7F /* addUser.php in Resources */,
				84CEB9B019CD018100128145 /* 80x80.png in Resources */,
				84317E2B1937CA8200EF952F /* InfoPlist.strings in Resources */,
				84317E341937CA8500EF952F /* Main.storyboard in Resources */,
				84A6E98C193F8320001E0600 /* defaultProfile.png in Resources */,
				84BBD0E319CBAAF3000B3230 /* Default-568h@2x.png in Resources */,
				8431695119645A9200AA0CE5 /* inAppStorage_WeGotNext.sqlite in Resources */,
			);
			runOnlyForDeploymentPostprocessing = 0;
		};
		84317E3C1937CA8800EF952F /* Resources */ = {
			isa = PBXResourcesBuildPhase;
			buildActionMask = 2147483647;
			files = (
				84317E4A1937CA8900EF952F /* InfoPlist.strings in Resources */,
			);
			runOnlyForDeploymentPostprocessing = 0;
		};
/* End PBXResourcesBuildPhase section */

/* Begin PBXSourcesBuildPhase section */
		84317E191937CA8100EF952F /* Sources */ = {
			isa = PBXSourcesBuildPhase;
			buildActionMask = 2147483647;
			files = (
				841FB896193CC3ED004CD043 /* Profile.m in Sources */,
				84322CEE1A369909003867E3 /* ChatViewCell.m in Sources */,
				841FB89F193CCA80004CD043 /* MatchesGraphics.m in Sources */,
				841FB89C193CC849004CD043 /* Settings.m in Sources */,
				841FB899193CC42D004CD043 /* Home.m in Sources */,
				842787761974339100582329 /* teammateProfile.m in Sources */,
				84416E7C196B002F00577044 /* LogOutWindow.m in Sources */,
				84CA39A8193CD90E00636B4E /* SwitchSports.m in Sources */,
				8452A3A2194209B40044A2D4 /* CreateUserWindow.m in Sources */,
				8456225619A3A96500035BA7 /* UIViewController+AMSlideMenu.m in Sources */,
				8456225319A3A96500035BA7 /* AMSlideMenuMainViewController.m in Sources */,
				845BA3C01945EC1B00927A63 /* Person.m in Sources */,
				84B844EF193CF44500CF8A07 /* ChatWindow.m in Sources */,
				8451C512195DB112002EA936 /* userProfile.m in Sources */,
				843B5D3D19B5248900A93787 /* PlayerPreferences.m in Sources */,
				84317E6E1937D3DE00EF952F /* MainMenu.m in Sources */,
				844F37521948A66000A89B80 /* MyManager.m in Sources */,
				8456225119A3A96500035BA7 /* AMSlideMenuLeftMenuSegue.m in Sources */,
				8456225019A3A96500035BA7 /* AMSlideMenuContentSegue.m in Sources */,
				84317E311937CA8400EF952F /* AppDelegate.m in Sources */,
				8456225419A3A96500035BA7 /* AMSlideMenuRightMenuSegue.m in Sources */,
				8456225519A3A96500035BA7 /* AMSlideMenuRightTableViewController.m in Sources */,
				84909941193D078300E4A914 /* LoginWindow.m in Sources */,
				84314F41194F32FA008DC865 /* TeamCellType.m in Sources */,
				84459733194B497D00877BBE /* MatchCellType.m in Sources */,
				841FB8A2193CD3D1004CD043 /* TeamGraphics.m in Sources */,
				8456225219A3A96500035BA7 /* AMSlideMenuLeftTableViewController.m in Sources */,
				848A51511A37607700D1AD4E /* Message.m in Sources */,
				84807EF619532865008229EB /* RightSlideMenuCellType.m in Sources */,
				84317E2D1937CA8300EF952F /* main.m in Sources */,
			);
			runOnlyForDeploymentPostprocessing = 0;
		};
		84317E3A1937CA8800EF952F /* Sources */ = {
			isa = PBXSourcesBuildPhase;
			buildActionMask = 2147483647;
			files = (
				84317E4C1937CA8900EF952F /* WeGotNextTests.m in Sources */,
			);
			runOnlyForDeploymentPostprocessing = 0;
		};
/* End PBXSourcesBuildPhase section */

/* Begin PBXTargetDependency section */
		84317E441937CA8800EF952F /* PBXTargetDependency */ = {
			isa = PBXTargetDependency;
			target = 84317E1C1937CA8100EF952F /* WeGotNext */;
			targetProxy = 84317E431937CA8800EF952F /* PBXContainerItemProxy */;
		};
/* End PBXTargetDependency section */

/* Begin PBXVariantGroup section */
		84317E291937CA8200EF952F /* InfoPlist.strings */ = {
			isa = PBXVariantGroup;
			children = (
				84317E2A1937CA8200EF952F /* en */,
			);
			name = InfoPlist.strings;
			sourceTree = "<group>";
		};
		84317E321937CA8500EF952F /* Main.storyboard */ = {
			isa = PBXVariantGroup;
			children = (
				84317E331937CA8500EF952F /* Base */,
			);
			name = Main.storyboard;
			sourceTree = "<group>";
		};
		84317E481937CA8900EF952F /* InfoPlist.strings */ = {
			isa = PBXVariantGroup;
			children = (
				84317E491937CA8900EF952F /* en */,
			);
			name = InfoPlist.strings;
			sourceTree = "<group>";
		};
/* End PBXVariantGroup section */

/* Begin XCBuildConfiguration section */
		84317E4D1937CA8900EF952F /* Debug */ = {
			isa = XCBuildConfiguration;
			buildSettings = {
				ALWAYS_SEARCH_USER_PATHS = NO;
				CLANG_CXX_LANGUAGE_STANDARD = "gnu++0x";
				CLANG_CXX_LIBRARY = "libc++";
				CLANG_ENABLE_MODULES = YES;
				CLANG_ENABLE_OBJC_ARC = YES;
				CLANG_WARN_BOOL_CONVERSION = YES;
				CLANG_WARN_CONSTANT_CONVERSION = YES;
				CLANG_WARN_DIRECT_OBJC_ISA_USAGE = YES_ERROR;
				CLANG_WARN_EMPTY_BODY = YES;
				CLANG_WARN_ENUM_CONVERSION = YES;
				CLANG_WARN_INT_CONVERSION = YES;
				CLANG_WARN_OBJC_ROOT_CLASS = YES_ERROR;
				CLANG_WARN__DUPLICATE_METHOD_MATCH = YES;
				"CODE_SIGN_IDENTITY[sdk=iphoneos*]" = "iPhone Developer";
				COPY_PHASE_STRIP = NO;
				GCC_C_LANGUAGE_STANDARD = gnu99;
				GCC_DYNAMIC_NO_PIC = NO;
				GCC_OPTIMIZATION_LEVEL = 0;
				GCC_PREPROCESSOR_DEFINITIONS = (
					"DEBUG=1",
					"$(inherited)",
				);
				GCC_SYMBOLS_PRIVATE_EXTERN = NO;
				GCC_WARN_64_TO_32_BIT_CONVERSION = YES;
				GCC_WARN_ABOUT_RETURN_TYPE = YES_ERROR;
				GCC_WARN_UNDECLARED_SELECTOR = YES;
				GCC_WARN_UNINITIALIZED_AUTOS = YES_AGGRESSIVE;
				GCC_WARN_UNUSED_FUNCTION = YES;
				GCC_WARN_UNUSED_VARIABLE = YES;
				IPHONEOS_DEPLOYMENT_TARGET = 7.1;
				ONLY_ACTIVE_ARCH = YES;
				SDKROOT = iphoneos;
			};
			name = Debug;
		};
		84317E4E1937CA8900EF952F /* Release */ = {
			isa = XCBuildConfiguration;
			buildSettings = {
				ALWAYS_SEARCH_USER_PATHS = NO;
				CLANG_CXX_LANGUAGE_STANDARD = "gnu++0x";
				CLANG_CXX_LIBRARY = "libc++";
				CLANG_ENABLE_MODULES = YES;
				CLANG_ENABLE_OBJC_ARC = YES;
				CLANG_WARN_BOOL_CONVERSION = YES;
				CLANG_WARN_CONSTANT_CONVERSION = YES;
				CLANG_WARN_DIRECT_OBJC_ISA_USAGE = YES_ERROR;
				CLANG_WARN_EMPTY_BODY = YES;
				CLANG_WARN_ENUM_CONVERSION = YES;
				CLANG_WARN_INT_CONVERSION = YES;
				CLANG_WARN_OBJC_ROOT_CLASS = YES_ERROR;
				CLANG_WARN__DUPLICATE_METHOD_MATCH = YES;
				"CODE_SIGN_IDENTITY[sdk=iphoneos*]" = "iPhone Developer";
				COPY_PHASE_STRIP = YES;
				ENABLE_NS_ASSERTIONS = NO;
				GCC_C_LANGUAGE_STANDARD = gnu99;
				GCC_WARN_64_TO_32_BIT_CONVERSION = YES;
				GCC_WARN_ABOUT_RETURN_TYPE = YES_ERROR;
				GCC_WARN_UNDECLARED_SELECTOR = YES;
				GCC_WARN_UNINITIALIZED_AUTOS = YES_AGGRESSIVE;
				GCC_WARN_UNUSED_FUNCTION = YES;
				GCC_WARN_UNUSED_VARIABLE = YES;
				IPHONEOS_DEPLOYMENT_TARGET = 7.1;
				SDKROOT = iphoneos;
				VALIDATE_PRODUCT = YES;
			};
			name = Release;
		};
		84317E501937CA8900EF952F /* Debug */ = {
			isa = XCBuildConfiguration;
			buildSettings = {
				CODE_SIGN_IDENTITY = "iPhone Developer";
				"CODE_SIGN_IDENTITY[sdk=iphoneos*]" = "iPhone Developer";
				FRAMEWORK_SEARCH_PATHS = (
					"$(inherited)",
					/Users/nzayatz14/Documents/FacebookSDK,
					"$(PROJECT_DIR)",
				);
				GCC_PRECOMPILE_PREFIX_HEADER = YES;
				GCC_PREFIX_HEADER = "WeGotNext/WeGotNext-Prefix.pch";
				INFOPLIST_FILE = "WeGotNext/WeGotNext-Info.plist";
				PRODUCT_NAME = "$(TARGET_NAME)";
				PROVISIONING_PROFILE = "";
				WRAPPER_EXTENSION = app;
			};
			name = Debug;
		};
		84317E511937CA8900EF952F /* Release */ = {
			isa = XCBuildConfiguration;
			buildSettings = {
				CODE_SIGN_IDENTITY = "iPhone Developer";
				"CODE_SIGN_IDENTITY[sdk=iphoneos*]" = "iPhone Developer";
				FRAMEWORK_SEARCH_PATHS = (
					"$(inherited)",
					/Users/nzayatz14/Documents/FacebookSDK,
					"$(PROJECT_DIR)",
				);
				GCC_PRECOMPILE_PREFIX_HEADER = YES;
				GCC_PREFIX_HEADER = "WeGotNext/WeGotNext-Prefix.pch";
				INFOPLIST_FILE = "WeGotNext/WeGotNext-Info.plist";
				PRODUCT_NAME = "$(TARGET_NAME)";
				PROVISIONING_PROFILE = "";
				WRAPPER_EXTENSION = app;
			};
			name = Release;
		};
		84317E531937CA8900EF952F /* Debug */ = {
			isa = XCBuildConfiguration;
			buildSettings = {
				BUNDLE_LOADER = "$(BUILT_PRODUCTS_DIR)/WeGotNext.app/WeGotNext";
				FRAMEWORK_SEARCH_PATHS = (
					"$(SDKROOT)/Developer/Library/Frameworks",
					"$(inherited)",
					"$(DEVELOPER_FRAMEWORKS_DIR)",
				);
				GCC_PRECOMPILE_PREFIX_HEADER = YES;
				GCC_PREFIX_HEADER = "WeGotNext/WeGotNext-Prefix.pch";
				GCC_PREPROCESSOR_DEFINITIONS = (
					"DEBUG=1",
					"$(inherited)",
				);
				INFOPLIST_FILE = "WeGotNextTests/WeGotNextTests-Info.plist";
				PRODUCT_NAME = "$(TARGET_NAME)";
				TEST_HOST = "$(BUNDLE_LOADER)";
				WRAPPER_EXTENSION = xctest;
			};
			name = Debug;
		};
		84317E541937CA8900EF952F /* Release */ = {
			isa = XCBuildConfiguration;
			buildSettings = {
				BUNDLE_LOADER = "$(BUILT_PRODUCTS_DIR)/WeGotNext.app/WeGotNext";
				FRAMEWORK_SEARCH_PATHS = (
					"$(SDKROOT)/Developer/Library/Frameworks",
					"$(inherited)",
					"$(DEVELOPER_FRAMEWORKS_DIR)",
				);
				GCC_PRECOMPILE_PREFIX_HEADER = YES;
				GCC_PREFIX_HEADER = "WeGotNext/WeGotNext-Prefix.pch";
				INFOPLIST_FILE = "WeGotNextTests/WeGotNextTests-Info.plist";
				PRODUCT_NAME = "$(TARGET_NAME)";
				TEST_HOST = "$(BUNDLE_LOADER)";
				WRAPPER_EXTENSION = xctest;
			};
			name = Release;
		};
/* End XCBuildConfiguration section */

/* Begin XCConfigurationList section */
		84317E181937CA7E00EF952F /* Build configuration list for PBXProject "WeGotNext" */ = {
			isa = XCConfigurationList;
			buildConfigurations = (
				84317E4D1937CA8900EF952F /* Debug */,
				84317E4E1937CA8900EF952F /* Release */,
			);
			defaultConfigurationIsVisible = 0;
			defaultConfigurationName = Release;
		};
		84317E4F1937CA8900EF952F /* Build configuration list for PBXNativeTarget "WeGotNext" */ = {
			isa = XCConfigurationList;
			buildConfigurations = (
				84317E501937CA8900EF952F /* Debug */,
				84317E511937CA8900EF952F /* Release */,
			);
			defaultConfigurationIsVisible = 0;
			defaultConfigurationName = Release;
		};
		84317E521937CA8900EF952F /* Build configuration list for PBXNativeTarget "WeGotNextTests" */ = {
			isa = XCConfigurationList;
			buildConfigurations = (
				84317E531937CA8900EF952F /* Debug */,
				84317E541937CA8900EF952F /* Release */,
			);
			defaultConfigurationIsVisible = 0;
			defaultConfigurationName = Release;
		};
/* End XCConfigurationList section */
	};
	rootObject = 84317E151937CA7E00EF952F /* Project object */;
}
